
Microsoft Visual Studio Solution File, Format Version 12.00
# Visual Studio Version 16
VisualStudioVersion = 16.0.31729.503
MinimumVisualStudioVersion = 10.0.40219.1
Project("{FAE04EC0-301F-11D3-BF4B-00C04F79EFBC}") = "Calculator.API", "Calculator.API\Calculator.API.csproj", "{2EA0603A-D201-4658-ADC3-098999012634}"
EndProject
Project("{FAE04EC0-301F-11D3-BF4B-00C04F79EFBC}") = "Calculator.Services", "Calculator.Services\Calculator.Services.csproj", "{21AA9C58-2428-4C0F-9F62-760005591195}"
EndProject
Project("{FAE04EC0-301F-11D3-BF4B-00C04F79EFBC}") = "Calculator.Entities", "Calculator.Entities\Calculator.Entities.csproj", "{17FEF2D4-55E9-4B36-90FE-45788913D06F}"
EndProject
Global
	GlobalSection(SolutionConfigurationPlatforms) = preSolution
		Debug|Any CPU = Debug|Any CPU
		Release|Any CPU = Release|Any CPU
	EndGlobalSection
	GlobalSection(ProjectConfigurationPlatforms) = postSolution
		{2EA0603A-D201-4658-ADC3-098999012634}.Debug|Any CPU.ActiveCfg = Debug|Any CPU
		{2EA0603A-D201-4658-ADC3-098999012634}.Debug|Any CPU.Build.0 = Debug|Any CPU
		{2EA0603A-D201-4658-ADC3-098999012634}.Release|Any CPU.ActiveCfg = Release|Any CPU
		{2EA0603A-D201-4658-ADC3-098999012634}.Release|Any CPU.Build.0 = Release|Any CPU
		{21AA9C58-2428-4C0F-9F62-760005591195}.Debug|Any CPU.ActiveCfg = Debug|Any CPU
		{21AA9C58-2428-4C0F-9F62-760005591195}.Debug|Any CPU.Build.0 = Debug|Any CPU
		{21AA9C58-2428-4C0F-9F62-760005591195}.Release|Any CPU.ActiveCfg = Release|Any CPU
		{21AA9C58-2428-4C0F-9F62-760005591195}.Release|Any CPU.Build.0 = Release|Any CPU
		{17FEF2D4-55E9-4B36-90FE-45788913D06F}.Debug|Any CPU.ActiveCfg = Debug|Any CPU
		{17FEF2D4-55E9-4B36-90FE-45788913D06F}.Debug|Any CPU.Build.0 = Debug|Any CPU
		{17FEF2D4-55E9-4B36-90FE-45788913D06F}.Release|Any CPU.ActiveCfg = Release|Any CPU
		{17FEF2D4-55E9-4B36-90FE-45788913D06F}.Release|Any CPU.Build.0 = Release|Any CPU
	EndGlobalSection
	GlobalSection(SolutionProperties) = preSolution
		HideSolutionNode = FALSE
	EndGlobalSection
	GlobalSection(ExtensibilityGlobals) = postSolution
		SolutionGuid = {6B07C7FC-C4B6-478A-B58D-C780BFC23E93}
	EndGlobalSection
EndGlobal
